DEPENDENCIES
  met-nexus
    path: .
    metadata: true

GRAPH
  7-zip (1.0.2)
    windows (>= 1.2.2)
  apt (2.7.0)
  ark (0.9.0)
    7-zip (>= 0.0.0)
    windows (>= 0.0.0)
  backuppc (1.1.0)
    apt (~> 2.6)
  bluepill (2.3.1)
    rsyslog (>= 0.0.0)
  build-essential (2.2.3)
  chef-client (3.9.0)
    cron (>= 1.2.0)
    logrotate (>= 1.2.0)
    windows (~> 1.11)
  chef-vault (1.2.0)
  chef_handler (1.1.6)
  cron (1.6.1)
  firewall (0.11.9)
  hostname (0.3.0)
    hostsfile (>= 0.0.0)
  hostsfile (2.4.5)
  java (1.31.0)
  locale-gen (0.0.4)
  login (1.1.0)
    apt (>= 0.0.0)
  logrotate (1.9.1)
  met-location (1.0.0)
  met-nexus (0.1.0)
    apt (~> 2.6)
    java (~> 1.29)
    met-server (>= 0.52.2)
    nginx (~> 2.7)
    simple-nexus (~> 0.1.0)
  met-server (0.52.2)
    apt (~> 2.6)
    backuppc (~> 1.0)
    chef-client (~> 3.6)
    chef-vault (= 1.2.0)
    chef_handler (~> 1.1)
    firewall (~> 0.11)
    hostname (~> 0.3)
    locale-gen (= 0.0.4)
    login (~> 1.1)
    met-location (~> 1.0)
    ntp (~> 1.6)
    omd (~> 6.0)
    postfix (~> 3.6)
    rsyslog (~> 1.13)
    sudo (~> 2.7)
    sysctl (~> 0.6)
    timezone-ii (~> 0.2)
  nginx (2.7.6)
    apt (~> 2.2)
    bluepill (~> 2.3)
    build-essential (~> 2.0)
    ohai (~> 2.0)
    runit (~> 1.2)
    yum-epel (~> 0.3)
  ntp (1.8.2)
  ohai (2.0.1)
  omd (6.10.2)
    apt (~> 2.4)
    partial_search (~> 1.0)
  packagecloud (0.0.17)
  partial_search (1.0.8)
  postfix (3.6.2)
  rsyslog (1.15.0)
  runit (1.6.0)
    packagecloud (>= 0.0.0)
  simple-nexus (0.1.0)
    ark (>= 0.0.0)
  sudo (2.7.1)
  sysctl (0.6.2)
    ohai (>= 0.0.0)
  timezone-ii (0.2.0)
  windows (1.36.6)
    chef_handler (>= 0.0.0)
  yum (3.6.0)
  yum-epel (0.6.0)
    yum (~> 3.0)
